
Microsoft Visual Studio Solution File, Format Version 12.00
# Visual Studio 15
Project("{FAE04EC0-301F-11D3-BF4B-00C04F79EFBC}") = "Kessel Run", "Kessel Run.csproj", "{58422F14-9853-83DC-B15A-8A821FC547B3}"
EndProject
Project("{FAE04EC0-301F-11D3-BF4B-00C04F79EFBC}") = "Kessel Run.Editor", "Kessel Run.Editor.csproj", "{2B246EE5-4FA2-13F9-9B1C-C0B2DF47A483}"
EndProject
Global
	GlobalSection(SolutionConfigurationPlatforms) = preSolution
		Debug|Any CPU = Debug|Any CPU
		Release|Any CPU = Release|Any CPU
	EndGlobalSection
	GlobalSection(ProjectConfigurationPlatforms) = postSolution
		{58422F14-9853-83DC-B15A-8A821FC547B3}.Debug|Any CPU.ActiveCfg = Debug|Any CPU
		{58422F14-9853-83DC-B15A-8A821FC547B3}.Debug|Any CPU.Build.0 = Debug|Any CPU
		{58422F14-9853-83DC-B15A-8A821FC547B3}.Release|Any CPU.ActiveCfg = Release|Any CPU
		{58422F14-9853-83DC-B15A-8A821FC547B3}.Release|Any CPU.Build.0 = Release|Any CPU
		{2B246EE5-4FA2-13F9-9B1C-C0B2DF47A483}.Debug|Any CPU.ActiveCfg = Debug|Any CPU
		{2B246EE5-4FA2-13F9-9B1C-C0B2DF47A483}.Debug|Any CPU.Build.0 = Debug|Any CPU
		{2B246EE5-4FA2-13F9-9B1C-C0B2DF47A483}.Release|Any CPU.ActiveCfg = Release|Any CPU
		{2B246EE5-4FA2-13F9-9B1C-C0B2DF47A483}.Release|Any CPU.Build.0 = Release|Any CPU
	EndGlobalSection
	GlobalSection(SolutionProperties) = preSolution
		HideSolutionNode = FALSE
	EndGlobalSection
EndGlobal
